
Microsoft Visual Studio Solution File, Format Version 12.00
# Visual Studio Version 16
VisualStudioVersion = 16.0.31402.337
MinimumVisualStudioVersion = 10.0.40219.1
Project("{9A19103F-16F7-4668-BE54-9A1E7A4F7556}") = "NatatorioCEF", "Presentacion\NatatorioCEF.csproj", "{283872E4-AE9F-4F10-9EB5-1DDFD8EF07FD}"
EndProject
Project("{9A19103F-16F7-4668-BE54-9A1E7A4F7556}") = "WpfApp1", "WpfApp1\WpfApp1.csproj", "{AB699252-4146-42C4-B204-504B4DB0B5AB}"
EndProject
Global
	GlobalSection(SolutionConfigurationPlatforms) = preSolution
		Debug|Any CPU = Debug|Any CPU
		Release|Any CPU = Release|Any CPU
	EndGlobalSection
	GlobalSection(ProjectConfigurationPlatforms) = postSolution
		{283872E4-AE9F-4F10-9EB5-1DDFD8EF07FD}.Debug|Any CPU.ActiveCfg = Debug|Any CPU
		{283872E4-AE9F-4F10-9EB5-1DDFD8EF07FD}.Debug|Any CPU.Build.0 = Debug|Any CPU
		{283872E4-AE9F-4F10-9EB5-1DDFD8EF07FD}.Release|Any CPU.ActiveCfg = Release|Any CPU
		{283872E4-AE9F-4F10-9EB5-1DDFD8EF07FD}.Release|Any CPU.Build.0 = Release|Any CPU
		{AB699252-4146-42C4-B204-504B4DB0B5AB}.Debug|Any CPU.ActiveCfg = Debug|Any CPU
		{AB699252-4146-42C4-B204-504B4DB0B5AB}.Debug|Any CPU.Build.0 = Debug|Any CPU
		{AB699252-4146-42C4-B204-504B4DB0B5AB}.Release|Any CPU.ActiveCfg = Release|Any CPU
		{AB699252-4146-42C4-B204-504B4DB0B5AB}.Release|Any CPU.Build.0 = Release|Any CPU
	EndGlobalSection
	GlobalSection(SolutionProperties) = preSolution
		HideSolutionNode = FALSE
	EndGlobalSection
	GlobalSection(ExtensibilityGlobals) = postSolution
		SolutionGuid = {E98FCAF8-2E92-4840-B229-5A69D6B1550F}
	EndGlobalSection
EndGlobal
